// !$*UTF8*$!
{
	archiveVersion = 1;
	classes = {
	};
	objectVersion = 46;
	objects = {

/* Begin PBXBuildFile section */
		D1CC73EC1CC9F6F000A325A6 /* config.c in Sources */ = {isa = PBXBuildFile; fileRef = D1CC73A51CC9F6F000A325A6 /* config.c */; settings = {ASSET_TAGS = (); }; };
		D1CC73ED1CC9F6F000A325A6 /* convert.c in Sources */ = {isa = PBXBuildFile; fileRef = D1CC73A61CC9F6F000A325A6 /* convert.c */; settings = {ASSET_TAGS = (); }; };
		D1CC73EE1CC9F6F000A325A6 /* debug.h in Headers */ = {isa = PBXBuildFile; fileRef = D1CC73A71CC9F6F000A325A6 /* debug.h */; settings = {ASSET_TAGS = (); }; };
		D1CC73EF1CC9F6F000A325A6 /* codabar.c in Sources */ = {isa = PBXBuildFile; fileRef = D1CC73A91CC9F6F000A325A6 /* codabar.c */; settings = {ASSET_TAGS = (); }; };
		D1CC73F01CC9F6F000A325A6 /* codabar.h in Headers */ = {isa = PBXBuildFile; fileRef = D1CC73AA1CC9F6F000A325A6 /* codabar.h */; settings = {ASSET_TAGS = (); }; };
		D1CC73F11CC9F6F000A325A6 /* code128.c in Sources */ = {isa = PBXBuildFile; fileRef = D1CC73AB1CC9F6F000A325A6 /* code128.c */; settings = {ASSET_TAGS = (); }; };
		D1CC73F21CC9F6F000A325A6 /* code128.h in Headers */ = {isa = PBXBuildFile; fileRef = D1CC73AC1CC9F6F000A325A6 /* code128.h */; settings = {ASSET_TAGS = (); }; };
		D1CC73F31CC9F6F000A325A6 /* code39.c in Sources */ = {isa = PBXBuildFile; fileRef = D1CC73AD1CC9F6F000A325A6 /* code39.c */; settings = {ASSET_TAGS = (); }; };
		D1CC73F41CC9F6F000A325A6 /* code39.h in Headers */ = {isa = PBXBuildFile; fileRef = D1CC73AE1CC9F6F000A325A6 /* code39.h */; settings = {ASSET_TAGS = (); }; };
		D1CC73F51CC9F6F000A325A6 /* code93.c in Sources */ = {isa = PBXBuildFile; fileRef = D1CC73AF1CC9F6F000A325A6 /* code93.c */; settings = {ASSET_TAGS = (); }; };
		D1CC73F61CC9F6F000A325A6 /* code93.h in Headers */ = {isa = PBXBuildFile; fileRef = D1CC73B01CC9F6F000A325A6 /* code93.h */; settings = {ASSET_TAGS = (); }; };
		D1CC73F71CC9F6F000A325A6 /* databar.c in Sources */ = {isa = PBXBuildFile; fileRef = D1CC73B11CC9F6F000A325A6 /* databar.c */; settings = {ASSET_TAGS = (); }; };
		D1CC73F81CC9F6F000A325A6 /* databar.h in Headers */ = {isa = PBXBuildFile; fileRef = D1CC73B21CC9F6F000A325A6 /* databar.h */; settings = {ASSET_TAGS = (); }; };
		D1CC73F91CC9F6F000A325A6 /* ean.c in Sources */ = {isa = PBXBuildFile; fileRef = D1CC73B31CC9F6F000A325A6 /* ean.c */; settings = {ASSET_TAGS = (); }; };
		D1CC73FA1CC9F6F000A325A6 /* ean.h in Headers */ = {isa = PBXBuildFile; fileRef = D1CC73B41CC9F6F000A325A6 /* ean.h */; settings = {ASSET_TAGS = (); }; };
		D1CC73FB1CC9F6F000A325A6 /* i25.c in Sources */ = {isa = PBXBuildFile; fileRef = D1CC73B51CC9F6F000A325A6 /* i25.c */; settings = {ASSET_TAGS = (); }; };
		D1CC73FC1CC9F6F000A325A6 /* i25.h in Headers */ = {isa = PBXBuildFile; fileRef = D1CC73B61CC9F6F000A325A6 /* i25.h */; settings = {ASSET_TAGS = (); }; };
		D1CC73FD1CC9F6F000A325A6 /* pdf417.c in Sources */ = {isa = PBXBuildFile; fileRef = D1CC73B71CC9F6F000A325A6 /* pdf417.c */; settings = {ASSET_TAGS = (); }; };
		D1CC73FE1CC9F6F000A325A6 /* pdf417.h in Headers */ = {isa = PBXBuildFile; fileRef = D1CC73B81CC9F6F000A325A6 /* pdf417.h */; settings = {ASSET_TAGS = (); }; };
		D1CC73FF1CC9F6F000A325A6 /* pdf417_hash.h in Headers */ = {isa = PBXBuildFile; fileRef = D1CC73B91CC9F6F000A325A6 /* pdf417_hash.h */; settings = {ASSET_TAGS = (); }; };
		D1CC74001CC9F6F000A325A6 /* qr_finder.c in Sources */ = {isa = PBXBuildFile; fileRef = D1CC73BA1CC9F6F000A325A6 /* qr_finder.c */; settings = {ASSET_TAGS = (); }; };
		D1CC74011CC9F6F000A325A6 /* qr_finder.h in Headers */ = {isa = PBXBuildFile; fileRef = D1CC73BB1CC9F6F000A325A6 /* qr_finder.h */; settings = {ASSET_TAGS = (); }; };
		D1CC74021CC9F6F000A325A6 /* decoder.c in Sources */ = {isa = PBXBuildFile; fileRef = D1CC73BC1CC9F6F000A325A6 /* decoder.c */; settings = {ASSET_TAGS = (); }; };
		D1CC74031CC9F6F000A325A6 /* decoder.h in Headers */ = {isa = PBXBuildFile; fileRef = D1CC73BD1CC9F6F000A325A6 /* decoder.h */; settings = {ASSET_TAGS = (); }; };
		D1CC74041CC9F6F000A325A6 /* error.c in Sources */ = {isa = PBXBuildFile; fileRef = D1CC73BE1CC9F6F000A325A6 /* error.c */; settings = {ASSET_TAGS = (); }; };
		D1CC74051CC9F6F000A325A6 /* error.h in Headers */ = {isa = PBXBuildFile; fileRef = D1CC73BF1CC9F6F000A325A6 /* error.h */; settings = {ASSET_TAGS = (); }; };
		D1CC74061CC9F6F000A325A6 /* event.h in Headers */ = {isa = PBXBuildFile; fileRef = D1CC73C01CC9F6F000A325A6 /* event.h */; settings = {ASSET_TAGS = (); }; };
		D1CC74071CC9F6F000A325A6 /* image.c in Sources */ = {isa = PBXBuildFile; fileRef = D1CC73C11CC9F6F000A325A6 /* image.c */; settings = {ASSET_TAGS = (); }; };
		D1CC74081CC9F6F000A325A6 /* image.h in Headers */ = {isa = PBXBuildFile; fileRef = D1CC73C21CC9F6F000A325A6 /* image.h */; settings = {ASSET_TAGS = (); }; };
		D1CC74091CC9F6F000A325A6 /* img_scanner.c in Sources */ = {isa = PBXBuildFile; fileRef = D1CC73C31CC9F6F000A325A6 /* img_scanner.c */; settings = {ASSET_TAGS = (); }; };
		D1CC740A1CC9F6F000A325A6 /* img_scanner.h in Headers */ = {isa = PBXBuildFile; fileRef = D1CC73C41CC9F6F000A325A6 /* img_scanner.h */; settings = {ASSET_TAGS = (); }; };
		D1CC740C1CC9F6F000A325A6 /* mutex.h in Headers */ = {isa = PBXBuildFile; fileRef = D1CC73C61CC9F6F000A325A6 /* mutex.h */; settings = {ASSET_TAGS = (); }; };
		D1CC740D1CC9F6F000A325A6 /* lock.c in Sources */ = {isa = PBXBuildFile; fileRef = D1CC73C81CC9F6F000A325A6 /* lock.c */; settings = {ASSET_TAGS = (); }; };
		D1CC740E1CC9F6F000A325A6 /* null.c in Sources */ = {isa = PBXBuildFile; fileRef = D1CC73C91CC9F6F000A325A6 /* null.c */; settings = {ASSET_TAGS = (); }; };
		D1CC740F1CC9F6F000A325A6 /* posix.c in Sources */ = {isa = PBXBuildFile; fileRef = D1CC73CA1CC9F6F000A325A6 /* posix.c */; settings = {ASSET_TAGS = (); }; };
		D1CC74101CC9F6F000A325A6 /* posix.h in Headers */ = {isa = PBXBuildFile; fileRef = D1CC73CB1CC9F6F000A325A6 /* posix.h */; settings = {ASSET_TAGS = (); }; };
		D1CC74131CC9F6F000A325A6 /* processor.c in Sources */ = {isa = PBXBuildFile; fileRef = D1CC73CE1CC9F6F000A325A6 /* processor.c */; settings = {ASSET_TAGS = (); }; };
		D1CC74141CC9F6F000A325A6 /* processor.h in Headers */ = {isa = PBXBuildFile; fileRef = D1CC73CF1CC9F6F000A325A6 /* processor.h */; settings = {ASSET_TAGS = (); }; };
		D1CC74151CC9F6F000A325A6 /* bch15_5.c in Sources */ = {isa = PBXBuildFile; fileRef = D1CC73D11CC9F6F000A325A6 /* bch15_5.c */; settings = {ASSET_TAGS = (); }; };
		D1CC74161CC9F6F000A325A6 /* bch15_5.h in Headers */ = {isa = PBXBuildFile; fileRef = D1CC73D21CC9F6F000A325A6 /* bch15_5.h */; settings = {ASSET_TAGS = (); }; };
		D1CC74171CC9F6F000A325A6 /* binarize.c in Sources */ = {isa = PBXBuildFile; fileRef = D1CC73D31CC9F6F000A325A6 /* binarize.c */; settings = {ASSET_TAGS = (); }; };
		D1CC74181CC9F6F000A325A6 /* binarize.h in Headers */ = {isa = PBXBuildFile; fileRef = D1CC73D41CC9F6F000A325A6 /* binarize.h */; settings = {ASSET_TAGS = (); }; };
		D1CC74191CC9F6F000A325A6 /* isaac.c in Sources */ = {isa = PBXBuildFile; fileRef = D1CC73D51CC9F6F000A325A6 /* isaac.c */; settings = {ASSET_TAGS = (); }; };
		D1CC741A1CC9F6F000A325A6 /* isaac.h in Headers */ = {isa = PBXBuildFile; fileRef = D1CC73D61CC9F6F000A325A6 /* isaac.h */; settings = {ASSET_TAGS = (); }; };
		D1CC741B1CC9F6F000A325A6 /* qrdec.c in Sources */ = {isa = PBXBuildFile; fileRef = D1CC73D71CC9F6F000A325A6 /* qrdec.c */; settings = {ASSET_TAGS = (); }; };
		D1CC741C1CC9F6F000A325A6 /* qrdec.h in Headers */ = {isa = PBXBuildFile; fileRef = D1CC73D81CC9F6F000A325A6 /* qrdec.h */; settings = {ASSET_TAGS = (); }; };
		D1CC741D1CC9F6F000A325A6 /* qrdectxt.c in Sources */ = {isa = PBXBuildFile; fileRef = D1CC73D91CC9F6F000A325A6 /* qrdectxt.c */; settings = {ASSET_TAGS = (); }; };
		D1CC741E1CC9F6F000A325A6 /* rs.c in Sources */ = {isa = PBXBuildFile; fileRef = D1CC73DA1CC9F6F000A325A6 /* rs.c */; settings = {ASSET_TAGS = (); }; };
		D1CC741F1CC9F6F000A325A6 /* rs.h in Headers */ = {isa = PBXBuildFile; fileRef = D1CC73DB1CC9F6F000A325A6 /* rs.h */; settings = {ASSET_TAGS = (); }; };
		D1CC74201CC9F6F000A325A6 /* util.c in Sources */ = {isa = PBXBuildFile; fileRef = D1CC73DC1CC9F6F000A325A6 /* util.c */; settings = {ASSET_TAGS = (); }; };
		D1CC74211CC9F6F000A325A6 /* util.h in Headers */ = {isa = PBXBuildFile; fileRef = D1CC73DD1CC9F6F000A325A6 /* util.h */; settings = {ASSET_TAGS = (); }; };
		D1CC74221CC9F6F000A325A6 /* qrcode.h in Headers */ = {isa = PBXBuildFile; fileRef = D1CC73DE1CC9F6F000A325A6 /* qrcode.h */; settings = {ASSET_TAGS = (); }; };
		D1CC74231CC9F6F000A325A6 /* refcnt.c in Sources */ = {isa = PBXBuildFile; fileRef = D1CC73DF1CC9F6F000A325A6 /* refcnt.c */; settings = {ASSET_TAGS = (); }; };
		D1CC74241CC9F6F000A325A6 /* refcnt.h in Headers */ = {isa = PBXBuildFile; fileRef = D1CC73E01CC9F6F000A325A6 /* refcnt.h */; settings = {ASSET_TAGS = (); }; };
		D1CC74251CC9F6F000A325A6 /* scanner.c in Sources */ = {isa = PBXBuildFile; fileRef = D1CC73E11CC9F6F000A325A6 /* scanner.c */; settings = {ASSET_TAGS = (); }; };
		D1CC74261CC9F6F000A325A6 /* svg.c in Sources */ = {isa = PBXBuildFile; fileRef = D1CC73E21CC9F6F000A325A6 /* svg.c */; settings = {ASSET_TAGS = (); }; };
		D1CC74271CC9F6F000A325A6 /* svg.h in Headers */ = {isa = PBXBuildFile; fileRef = D1CC73E31CC9F6F000A325A6 /* svg.h */; settings = {ASSET_TAGS = (); }; };
		D1CC74281CC9F6F000A325A6 /* symbol.c in Sources */ = {isa = PBXBuildFile; fileRef = D1CC73E41CC9F6F000A325A6 /* symbol.c */; settings = {ASSET_TAGS = (); }; };
		D1CC74291CC9F6F000A325A6 /* symbol.h in Headers */ = {isa = PBXBuildFile; fileRef = D1CC73E51CC9F6F000A325A6 /* symbol.h */; settings = {ASSET_TAGS = (); }; };
		D1CC742A1CC9F6F000A325A6 /* thread.h in Headers */ = {isa = PBXBuildFile; fileRef = D1CC73E61CC9F6F000A325A6 /* thread.h */; settings = {ASSET_TAGS = (); }; };
		D1CC742B1CC9F6F000A325A6 /* timer.h in Headers */ = {isa = PBXBuildFile; fileRef = D1CC73E71CC9F6F000A325A6 /* timer.h */; settings = {ASSET_TAGS = (); }; };
		D1CC742D1CC9F6F000A325A6 /* video.h in Headers */ = {isa = PBXBuildFile; fileRef = D1CC73E91CC9F6F000A325A6 /* video.h */; settings = {ASSET_TAGS = (); }; };
		D1CC742F1CC9F6F000A325A6 /* window.h in Headers */ = {isa = PBXBuildFile; fileRef = D1CC73EB1CC9F6F000A325A6 /* window.h */; settings = {ASSET_TAGS = (); }; };
		D1CC74401CC9F70F00A325A6 /* config.h in Headers */ = {isa = PBXBuildFile; fileRef = D1CC74311CC9F70F00A325A6 /* config.h */; settings = {ASSET_TAGS = (); }; };
		D1CC74421CC9F70F00A325A6 /* Exception.h in Headers */ = {isa = PBXBuildFile; fileRef = D1CC74341CC9F70F00A325A6 /* Exception.h */; settings = {ASSET_TAGS = (); }; };
		D1CC74441CC9F70F00A325A6 /* ImageScanner.h in Headers */ = {isa = PBXBuildFile; fileRef = D1CC74361CC9F70F00A325A6 /* ImageScanner.h */; settings = {ASSET_TAGS = (); }; };
		D1CC74461CC9F70F00A325A6 /* QZBar.h in Headers */ = {isa = PBXBuildFile; fileRef = D1CC74381CC9F70F00A325A6 /* QZBar.h */; settings = {ASSET_TAGS = (); }; };
		D1CC74471CC9F70F00A325A6 /* QZBarImage.h in Headers */ = {isa = PBXBuildFile; fileRef = D1CC74391CC9F70F00A325A6 /* QZBarImage.h */; settings = {ASSET_TAGS = (); }; };
		D1CC74481CC9F70F00A325A6 /* Scanner.h in Headers */ = {isa = PBXBuildFile; fileRef = D1CC743A1CC9F70F00A325A6 /* Scanner.h */; settings = {ASSET_TAGS = (); }; };
		D1CC74491CC9F70F00A325A6 /* Symbol.h in Headers */ = {isa = PBXBuildFile; fileRef = D1CC743B1CC9F70F00A325A6 /* Symbol.h */; settings = {ASSET_TAGS = (); }; };
		D1CC744A1CC9F70F00A325A6 /* Video.h in Headers */ = {isa = PBXBuildFile; fileRef = D1CC743C1CC9F70F00A325A6 /* Video.h */; settings = {ASSET_TAGS = (); }; };
		D1CC744C1CC9F70F00A325A6 /* zbargtk.h in Headers */ = {isa = PBXBuildFile; fileRef = D1CC743E1CC9F70F00A325A6 /* zbargtk.h */; settings = {ASSET_TAGS = (); }; };
		D1CC744D1CC9F70F00A325A6 /* zbar.h in Headers */ = {isa = PBXBuildFile; fileRef = D1CC743F1CC9F70F00A325A6 /* zbar.h */; settings = {ASSET_TAGS = (); }; };
		D1CC74511CC9FCA100A325A6 /* window.c in Sources */ = {isa = PBXBuildFile; fileRef = D1CC74501CC9FCA100A325A6 /* window.c */; settings = {ASSET_TAGS = (); }; };
		D1CC745B1CCA110400A325A6 /* config.h in Headers */ = {isa = PBXBuildFile; fileRef = D1CC745A1CCA110400A325A6 /* config.h */; settings = {ASSET_TAGS = (); }; };
		D1CC745D1CCA151300A325A6 /* libiconv.dylib in Frameworks */ = {isa = PBXBuildFile; fileRef = D1CC745C1CCA151300A325A6 /* libiconv.dylib */; };
/* End PBXBuildFile section */

/* Begin PBXFileReference section */
		D1CC73001CC9F41300A325A6 /* liblibzbar.dylib */ = {isa = PBXFileReference; explicitFileType = "compiled.mach-o.dylib"; includeInIndex = 0; path = liblibzbar.dylib; sourceTree = BUILT_PRODUCTS_DIR; };
		D1CC73A51CC9F6F000A325A6 /* config.c */ = {isa = PBXFileReference; fileEncoding = 4; lastKnownFileType = sourcecode.c.c; path = config.c; sourceTree = "<group>"; };
		D1CC73A61CC9F6F000A325A6 /* convert.c */ = {isa = PBXFileReference; fileEncoding = 4; lastKnownFileType = sourcecode.c.c; path = convert.c; sourceTree = "<group>"; };
		D1CC73A71CC9F6F000A325A6 /* debug.h */ = {isa = PBXFileReference; fileEncoding = 4; lastKnownFileType = sourcecode.c.h; path = debug.h; sourceTree = "<group>"; };
		D1CC73A91CC9F6F000A325A6 /* codabar.c */ = {isa = PBXFileReference; fileEncoding = 4; lastKnownFileType = sourcecode.c.c; path = codabar.c; sourceTree = "<group>"; };
		D1CC73AA1CC9F6F000A325A6 /* codabar.h */ = {isa = PBXFileReference; fileEncoding = 4; lastKnownFileType = sourcecode.c.h; path = codabar.h; sourceTree = "<group>"; };
		D1CC73AB1CC9F6F000A325A6 /* code128.c */ = {isa = PBXFileReference; fileEncoding = 4; lastKnownFileType = sourcecode.c.c; path = code128.c; sourceTree = "<group>"; };
		D1CC73AC1CC9F6F000A325A6 /* code128.h */ = {isa = PBXFileReference; fileEncoding = 4; lastKnownFileType = sourcecode.c.h; path = code128.h; sourceTree = "<group>"; };
		D1CC73AD1CC9F6F000A325A6 /* code39.c */ = {isa = PBXFileReference; fileEncoding = 4; lastKnownFileType = sourcecode.c.c; path = code39.c; sourceTree = "<group>"; };
		D1CC73AE1CC9F6F000A325A6 /* code39.h */ = {isa = PBXFileReference; fileEncoding = 4; lastKnownFileType = sourcecode.c.h; path = code39.h; sourceTree = "<group>"; };
		D1CC73AF1CC9F6F000A325A6 /* code93.c */ = {isa = PBXFileReference; fileEncoding = 4; lastKnownFileType = sourcecode.c.c; path = code93.c; sourceTree = "<group>"; };
		D1CC73B01CC9F6F000A325A6 /* code93.h */ = {isa = PBXFileReference; fileEncoding = 4; lastKnownFileType = sourcecode.c.h; path = code93.h; sourceTree = "<group>"; };
		D1CC73B11CC9F6F000A325A6 /* databar.c */ = {isa = PBXFileReference; fileEncoding = 4; lastKnownFileType = sourcecode.c.c; path = databar.c; sourceTree = "<group>"; };
		D1CC73B21CC9F6F000A325A6 /* databar.h */ = {isa = PBXFileReference; fileEncoding = 4; lastKnownFileType = sourcecode.c.h; path = databar.h; sourceTree = "<group>"; };
		D1CC73B31CC9F6F000A325A6 /* ean.c */ = {isa = PBXFileReference; fileEncoding = 4; lastKnownFileType = sourcecode.c.c; path = ean.c; sourceTree = "<group>"; };
		D1CC73B41CC9F6F000A325A6 /* ean.h */ = {isa = PBXFileReference; fileEncoding = 4; lastKnownFileType = sourcecode.c.h; path = ean.h; sourceTree = "<group>"; };
		D1CC73B51CC9F6F000A325A6 /* i25.c */ = {isa = PBXFileReference; fileEncoding = 4; lastKnownFileType = sourcecode.c.c; path = i25.c; sourceTree = "<group>"; };
		D1CC73B61CC9F6F000A325A6 /* i25.h */ = {isa = PBXFileReference; fileEncoding = 4; lastKnownFileType = sourcecode.c.h; path = i25.h; sourceTree = "<group>"; };
		D1CC73B71CC9F6F000A325A6 /* pdf417.c */ = {isa = PBXFileReference; fileEncoding = 4; lastKnownFileType = sourcecode.c.c; path = pdf417.c; sourceTree = "<group>"; };
		D1CC73B81CC9F6F000A325A6 /* pdf417.h */ = {isa = PBXFileReference; fileEncoding = 4; lastKnownFileType = sourcecode.c.h; path = pdf417.h; sourceTree = "<group>"; };
		D1CC73B91CC9F6F000A325A6 /* pdf417_hash.h */ = {isa = PBXFileReference; fileEncoding = 4; lastKnownFileType = sourcecode.c.h; path = pdf417_hash.h; sourceTree = "<group>"; };
		D1CC73BA1CC9F6F000A325A6 /* qr_finder.c */ = {isa = PBXFileReference; fileEncoding = 4; lastKnownFileType = sourcecode.c.c; path = qr_finder.c; sourceTree = "<group>"; };
		D1CC73BB1CC9F6F000A325A6 /* qr_finder.h */ = {isa = PBXFileReference; fileEncoding = 4; lastKnownFileType = sourcecode.c.h; path = qr_finder.h; sourceTree = "<group>"; };
		D1CC73BC1CC9F6F000A325A6 /* decoder.c */ = {isa = PBXFileReference; fileEncoding = 4; lastKnownFileType = sourcecode.c.c; path = decoder.c; sourceTree = "<group>"; };
		D1CC73BD1CC9F6F000A325A6 /* decoder.h */ = {isa = PBXFileReference; fileEncoding = 4; lastKnownFileType = sourcecode.c.h; path = decoder.h; sourceTree = "<group>"; };
		D1CC73BE1CC9F6F000A325A6 /* error.c */ = {isa = PBXFileReference; fileEncoding = 4; lastKnownFileType = sourcecode.c.c; path = error.c; sourceTree = "<group>"; };
		D1CC73BF1CC9F6F000A325A6 /* error.h */ = {isa = PBXFileReference; fileEncoding = 4; lastKnownFileType = sourcecode.c.h; path = error.h; sourceTree = "<group>"; };
		D1CC73C01CC9F6F000A325A6 /* event.h */ = {isa = PBXFileReference; fileEncoding = 4; lastKnownFileType = sourcecode.c.h; path = event.h; sourceTree = "<group>"; };
		D1CC73C11CC9F6F000A325A6 /* image.c */ = {isa = PBXFileReference; fileEncoding = 4; lastKnownFileType = sourcecode.c.c; path = image.c; sourceTree = "<group>"; };
		D1CC73C21CC9F6F000A325A6 /* image.h */ = {isa = PBXFileReference; fileEncoding = 4; lastKnownFileType = sourcecode.c.h; path = image.h; sourceTree = "<group>"; };
		D1CC73C31CC9F6F000A325A6 /* img_scanner.c */ = {isa = PBXFileReference; fileEncoding = 4; lastKnownFileType = sourcecode.c.c; path = img_scanner.c; sourceTree = "<group>"; };
		D1CC73C41CC9F6F000A325A6 /* img_scanner.h */ = {isa = PBXFileReference; fileEncoding = 4; lastKnownFileType = sourcecode.c.h; path = img_scanner.h; sourceTree = "<group>"; };
		D1CC73C61CC9F6F000A325A6 /* mutex.h */ = {isa = PBXFileReference; fileEncoding = 4; lastKnownFileType = sourcecode.c.h; path = mutex.h; sourceTree = "<group>"; };
		D1CC73C81CC9F6F000A325A6 /* lock.c */ = {isa = PBXFileReference; fileEncoding = 4; lastKnownFileType = sourcecode.c.c; path = lock.c; sourceTree = "<group>"; };
		D1CC73C91CC9F6F000A325A6 /* null.c */ = {isa = PBXFileReference; fileEncoding = 4; lastKnownFileType = sourcecode.c.c; path = null.c; sourceTree = "<group>"; };
		D1CC73CA1CC9F6F000A325A6 /* posix.c */ = {isa = PBXFileReference; fileEncoding = 4; lastKnownFileType = sourcecode.c.c; path = posix.c; sourceTree = "<group>"; };
		D1CC73CB1CC9F6F000A325A6 /* posix.h */ = {isa = PBXFileReference; fileEncoding = 4; lastKnownFileType = sourcecode.c.h; path = posix.h; sourceTree = "<group>"; };
		D1CC73CE1CC9F6F000A325A6 /* processor.c */ = {isa = PBXFileReference; fileEncoding = 4; lastKnownFileType = sourcecode.c.c; path = processor.c; sourceTree = "<group>"; };
		D1CC73CF1CC9F6F000A325A6 /* processor.h */ = {isa = PBXFileReference; fileEncoding = 4; lastKnownFileType = sourcecode.c.h; path = processor.h; sourceTree = "<group>"; };
		D1CC73D11CC9F6F000A325A6 /* bch15_5.c */ = {isa = PBXFileReference; fileEncoding = 4; lastKnownFileType = sourcecode.c.c; path = bch15_5.c; sourceTree = "<group>"; };
		D1CC73D21CC9F6F000A325A6 /* bch15_5.h */ = {isa = PBXFileReference; fileEncoding = 4; lastKnownFileType = sourcecode.c.h; path = bch15_5.h; sourceTree = "<group>"; };
		D1CC73D31CC9F6F000A325A6 /* binarize.c */ = {isa = PBXFileReference; fileEncoding = 4; lastKnownFileType = sourcecode.c.c; path = binarize.c; sourceTree = "<group>"; };
		D1CC73D41CC9F6F000A325A6 /* binarize.h */ = {isa = PBXFileReference; fileEncoding = 4; lastKnownFileType = sourcecode.c.h; path = binarize.h; sourceTree = "<group>"; };
		D1CC73D51CC9F6F000A325A6 /* isaac.c */ = {isa = PBXFileReference; fileEncoding = 4; lastKnownFileType = sourcecode.c.c; path = isaac.c; sourceTree = "<group>"; };
		D1CC73D61CC9F6F000A325A6 /* isaac.h */ = {isa = PBXFileReference; fileEncoding = 4; lastKnownFileType = sourcecode.c.h; path = isaac.h; sourceTree = "<group>"; };
		D1CC73D71CC9F6F000A325A6 /* qrdec.c */ = {isa = PBXFileReference; fileEncoding = 4; lastKnownFileType = sourcecode.c.c; path = qrdec.c; sourceTree = "<group>"; };
		D1CC73D81CC9F6F000A325A6 /* qrdec.h */ = {isa = PBXFileReference; fileEncoding = 4; lastKnownFileType = sourcecode.c.h; path = qrdec.h; sourceTree = "<group>"; };
		D1CC73D91CC9F6F000A325A6 /* qrdectxt.c */ = {isa = PBXFileReference; fileEncoding = 4; lastKnownFileType = sourcecode.c.c; path = qrdectxt.c; sourceTree = "<group>"; };
		D1CC73DA1CC9F6F000A325A6 /* rs.c */ = {isa = PBXFileReference; fileEncoding = 4; lastKnownFileType = sourcecode.c.c; path = rs.c; sourceTree = "<group>"; };
		D1CC73DB1CC9F6F000A325A6 /* rs.h */ = {isa = PBXFileReference; fileEncoding = 4; lastKnownFileType = sourcecode.c.h; path = rs.h; sourceTree = "<group>"; };
		D1CC73DC1CC9F6F000A325A6 /* util.c */ = {isa = PBXFileReference; fileEncoding = 4; lastKnownFileType = sourcecode.c.c; path = util.c; sourceTree = "<group>"; };
		D1CC73DD1CC9F6F000A325A6 /* util.h */ = {isa = PBXFileReference; fileEncoding = 4; lastKnownFileType = sourcecode.c.h; path = util.h; sourceTree = "<group>"; };
		D1CC73DE1CC9F6F000A325A6 /* qrcode.h */ = {isa = PBXFileReference; fileEncoding = 4; lastKnownFileType = sourcecode.c.h; path = qrcode.h; sourceTree = "<group>"; };
		D1CC73DF1CC9F6F000A325A6 /* refcnt.c */ = {isa = PBXFileReference; fileEncoding = 4; lastKnownFileType = sourcecode.c.c; path = refcnt.c; sourceTree = "<group>"; };
		D1CC73E01CC9F6F000A325A6 /* refcnt.h */ = {isa = PBXFileReference; fileEncoding = 4; lastKnownFileType = sourcecode.c.h; path = refcnt.h; sourceTree = "<group>"; };
		D1CC73E11CC9F6F000A325A6 /* scanner.c */ = {isa = PBXFileReference; fileEncoding = 4; lastKnownFileType = sourcecode.c.c; path = scanner.c; sourceTree = "<group>"; };
		D1CC73E21CC9F6F000A325A6 /* svg.c */ = {isa = PBXFileReference; explicitFileType = sourcecode.c; fileEncoding = 4; path = svg.c; sourceTree = "<group>"; };
		D1CC73E31CC9F6F000A325A6 /* svg.h */ = {isa = PBXFileReference; fileEncoding = 4; lastKnownFileType = sourcecode.c.h; path = svg.h; sourceTree = "<group>"; };
		D1CC73E41CC9F6F000A325A6 /* symbol.c */ = {isa = PBXFileReference; fileEncoding = 4; lastKnownFileType = sourcecode.c.c; path = symbol.c; sourceTree = "<group>"; };
		D1CC73E51CC9F6F000A325A6 /* symbol.h */ = {isa = PBXFileReference; fileEncoding = 4; lastKnownFileType = sourcecode.c.h; path = symbol.h; sourceTree = "<group>"; };
		D1CC73E61CC9F6F000A325A6 /* thread.h */ = {isa = PBXFileReference; fileEncoding = 4; lastKnownFileType = sourcecode.c.h; path = thread.h; sourceTree = "<group>"; };
		D1CC73E71CC9F6F000A325A6 /* timer.h */ = {isa = PBXFileReference; fileEncoding = 4; lastKnownFileType = sourcecode.c.h; path = timer.h; sourceTree = "<group>"; };
		D1CC73E91CC9F6F000A325A6 /* video.h */ = {isa = PBXFileReference; fileEncoding = 4; lastKnownFileType = sourcecode.c.h; path = video.h; sourceTree = "<group>"; };
		D1CC73EB1CC9F6F000A325A6 /* window.h */ = {isa = PBXFileReference; fileEncoding = 4; lastKnownFileType = sourcecode.c.h; path = window.h; sourceTree = "<group>"; };
		D1CC74311CC9F70F00A325A6 /* config.h */ = {isa = PBXFileReference; fileEncoding = 4; lastKnownFileType = sourcecode.c.h; path = config.h; sourceTree = "<group>"; };
		D1CC74341CC9F70F00A325A6 /* Exception.h */ = {isa = PBXFileReference; fileEncoding = 4; lastKnownFileType = sourcecode.c.h; path = Exception.h; sourceTree = "<group>"; };
		D1CC74361CC9F70F00A325A6 /* ImageScanner.h */ = {isa = PBXFileReference; fileEncoding = 4; lastKnownFileType = sourcecode.c.h; path = ImageScanner.h; sourceTree = "<group>"; };
		D1CC74381CC9F70F00A325A6 /* QZBar.h */ = {isa = PBXFileReference; fileEncoding = 4; lastKnownFileType = sourcecode.c.h; path = QZBar.h; sourceTree = "<group>"; };
		D1CC74391CC9F70F00A325A6 /* QZBarImage.h */ = {isa = PBXFileReference; fileEncoding = 4; lastKnownFileType = sourcecode.c.h; path = QZBarImage.h; sourceTree = "<group>"; };
		D1CC743A1CC9F70F00A325A6 /* Scanner.h */ = {isa = PBXFileReference; fileEncoding = 4; lastKnownFileType = sourcecode.c.h; path = Scanner.h; sourceTree = "<group>"; };
		D1CC743B1CC9F70F00A325A6 /* Symbol.h */ = {isa = PBXFileReference; fileEncoding = 4; lastKnownFileType = sourcecode.c.h; path = Symbol.h; sourceTree = "<group>"; };
		D1CC743C1CC9F70F00A325A6 /* Video.h */ = {isa = PBXFileReference; fileEncoding = 4; lastKnownFileType = sourcecode.c.h; path = Video.h; sourceTree = "<group>"; };
		D1CC743E1CC9F70F00A325A6 /* zbargtk.h */ = {isa = PBXFileReference; fileEncoding = 4; lastKnownFileType = sourcecode.c.h; path = zbargtk.h; sourceTree = "<group>"; };
		D1CC743F1CC9F70F00A325A6 /* zbar.h */ = {isa = PBXFileReference; fileEncoding = 4; lastKnownFileType = sourcecode.c.h; path = zbar.h; sourceTree = "<group>"; };
		D1CC74501CC9FCA100A325A6 /* window.c */ = {isa = PBXFileReference; fileEncoding = 4; lastKnownFileType = sourcecode.c.c; path = window.c; sourceTree = "<group>"; };
		D1CC745A1CCA110400A325A6 /* config.h */ = {isa = PBXFileReference; fileEncoding = 4; lastKnownFileType = sourcecode.c.h; name = config.h; path = include/config.h; sourceTree = SOURCE_ROOT; };
		D1CC745C1CCA151300A325A6 /* libiconv.dylib */ = {isa = PBXFileReference; lastKnownFileType = "compiled.mach-o.dylib"; name = libiconv.dylib; path = usr/lib/libiconv.dylib; sourceTree = SDKROOT; };
/* End PBXFileReference section */

/* Begin PBXFrameworksBuildPhase section */
		D1CC72FD1CC9F41300A325A6 /* Frameworks */ = {
			isa = PBXFrameworksBuildPhase;
			buildActionMask = 2147483647;
			files = (
				D1CC745D1CCA151300A325A6 /* libiconv.dylib in Frameworks */,
			);
			runOnlyForDeploymentPostprocessing = 0;
		};
/* End PBXFrameworksBuildPhase section */

/* Begin PBXGroup section */
		D1CC72F71CC9F41300A325A6 = {
			isa = PBXGroup;
			children = (
				D1CC73A41CC9F6F000A325A6 /* zbar */,
				D1CC73011CC9F41300A325A6 /* Products */,
			);
			sourceTree = "<group>";
		};
		D1CC73011CC9F41300A325A6 /* Products */ = {
			isa = PBXGroup;
			children = (
				D1CC73001CC9F41300A325A6 /* liblibzbar.dylib */,
			);
			name = Products;
			sourceTree = "<group>";
		};
		D1CC73A41CC9F6F000A325A6 /* zbar */ = {
			isa = PBXGroup;
			children = (
				D1CC745C1CCA151300A325A6 /* libiconv.dylib */,
				D1CC74301CC9F70F00A325A6 /* include */,
				D1CC73A51CC9F6F000A325A6 /* config.c */,
				D1CC745A1CCA110400A325A6 /* config.h */,
				D1CC73A61CC9F6F000A325A6 /* convert.c */,
				D1CC73A71CC9F6F000A325A6 /* debug.h */,
				D1CC73A81CC9F6F000A325A6 /* decoder */,
				D1CC73BC1CC9F6F000A325A6 /* decoder.c */,
				D1CC73BD1CC9F6F000A325A6 /* decoder.h */,
				D1CC73BE1CC9F6F000A325A6 /* error.c */,
				D1CC73BF1CC9F6F000A325A6 /* error.h */,
				D1CC73C01CC9F6F000A325A6 /* event.h */,
				D1CC73C11CC9F6F000A325A6 /* image.c */,
				D1CC73C21CC9F6F000A325A6 /* image.h */,
				D1CC73C31CC9F6F000A325A6 /* img_scanner.c */,
				D1CC73C41CC9F6F000A325A6 /* img_scanner.h */,
				D1CC73C61CC9F6F000A325A6 /* mutex.h */,
				D1CC73C71CC9F6F000A325A6 /* processor */,
				D1CC73CE1CC9F6F000A325A6 /* processor.c */,
				D1CC73CF1CC9F6F000A325A6 /* processor.h */,
				D1CC73D01CC9F6F000A325A6 /* qrcode */,
				D1CC73DE1CC9F6F000A325A6 /* qrcode.h */,
				D1CC73DF1CC9F6F000A325A6 /* refcnt.c */,
				D1CC73E01CC9F6F000A325A6 /* refcnt.h */,
				D1CC73E11CC9F6F000A325A6 /* scanner.c */,
				D1CC73E21CC9F6F000A325A6 /* svg.c */,
				D1CC73E31CC9F6F000A325A6 /* svg.h */,
				D1CC73E41CC9F6F000A325A6 /* symbol.c */,
				D1CC73E51CC9F6F000A325A6 /* symbol.h */,
				D1CC73E61CC9F6F000A325A6 /* thread.h */,
				D1CC73E71CC9F6F000A325A6 /* timer.h */,
				D1CC73E91CC9F6F000A325A6 /* video.h */,
				D1CC74501CC9FCA100A325A6 /* window.c */,
				D1CC73EB1CC9F6F000A325A6 /* window.h */,
			);
			path = zbar;
			sourceTree = "<group>";
		};
		D1CC73A81CC9F6F000A325A6 /* decoder */ = {
			isa = PBXGroup;
			children = (
				D1CC73A91CC9F6F000A325A6 /* codabar.c */,
				D1CC73AA1CC9F6F000A325A6 /* codabar.h */,
				D1CC73AB1CC9F6F000A325A6 /* code128.c */,
				D1CC73AC1CC9F6F000A325A6 /* code128.h */,
				D1CC73AD1CC9F6F000A325A6 /* code39.c */,
				D1CC73AE1CC9F6F000A325A6 /* code39.h */,
				D1CC73AF1CC9F6F000A325A6 /* code93.c */,
				D1CC73B01CC9F6F000A325A6 /* code93.h */,
				D1CC73B11CC9F6F000A325A6 /* databar.c */,
				D1CC73B21CC9F6F000A325A6 /* databar.h */,
				D1CC73B31CC9F6F000A325A6 /* ean.c */,
				D1CC73B41CC9F6F000A325A6 /* ean.h */,
				D1CC73B51CC9F6F000A325A6 /* i25.c */,
				D1CC73B61CC9F6F000A325A6 /* i25.h */,
				D1CC73B71CC9F6F000A325A6 /* pdf417.c */,
				D1CC73B81CC9F6F000A325A6 /* pdf417.h */,
				D1CC73B91CC9F6F000A325A6 /* pdf417_hash.h */,
				D1CC73BA1CC9F6F000A325A6 /* qr_finder.c */,
				D1CC73BB1CC9F6F000A325A6 /* qr_finder.h */,
			);
			path = decoder;
			sourceTree = "<group>";
		};
		D1CC73C71CC9F6F000A325A6 /* processor */ = {
			isa = PBXGroup;
			children = (
				D1CC73C81CC9F6F000A325A6 /* lock.c */,
				D1CC73C91CC9F6F000A325A6 /* null.c */,
				D1CC73CA1CC9F6F000A325A6 /* posix.c */,
				D1CC73CB1CC9F6F000A325A6 /* posix.h */,
			);
			path = processor;
			sourceTree = "<group>";
		};
		D1CC73D01CC9F6F000A325A6 /* qrcode */ = {
			isa = PBXGroup;
			children = (
				D1CC73D11CC9F6F000A325A6 /* bch15_5.c */,
				D1CC73D21CC9F6F000A325A6 /* bch15_5.h */,
				D1CC73D31CC9F6F000A325A6 /* binarize.c */,
				D1CC73D41CC9F6F000A325A6 /* binarize.h */,
				D1CC73D51CC9F6F000A325A6 /* isaac.c */,
				D1CC73D61CC9F6F000A325A6 /* isaac.h */,
				D1CC73D71CC9F6F000A325A6 /* qrdec.c */,
				D1CC73D81CC9F6F000A325A6 /* qrdec.h */,
				D1CC73D91CC9F6F000A325A6 /* qrdectxt.c */,
				D1CC73DA1CC9F6F000A325A6 /* rs.c */,
				D1CC73DB1CC9F6F000A325A6 /* rs.h */,
				D1CC73DC1CC9F6F000A325A6 /* util.c */,
				D1CC73DD1CC9F6F000A325A6 /* util.h */,
			);
			path = qrcode;
			sourceTree = "<group>";
		};
		D1CC74301CC9F70F00A325A6 /* include */ = {
			isa = PBXGroup;
			children = (
				D1CC74311CC9F70F00A325A6 /* config.h */,
				D1CC74321CC9F70F00A325A6 /* zbar */,
				D1CC743F1CC9F70F00A325A6 /* zbar.h */,
			);
			path = include;
			sourceTree = SOURCE_ROOT;
		};
		D1CC74321CC9F70F00A325A6 /* zbar */ = {
			isa = PBXGroup;
			children = (
				D1CC74341CC9F70F00A325A6 /* Exception.h */,
				D1CC74361CC9F70F00A325A6 /* ImageScanner.h */,
				D1CC74381CC9F70F00A325A6 /* QZBar.h */,
				D1CC74391CC9F70F00A325A6 /* QZBarImage.h */,
				D1CC743A1CC9F70F00A325A6 /* Scanner.h */,
				D1CC743B1CC9F70F00A325A6 /* Symbol.h */,
				D1CC743C1CC9F70F00A325A6 /* Video.h */,
				D1CC743E1CC9F70F00A325A6 /* zbargtk.h */,
			);
			path = zbar;
			sourceTree = "<group>";
		};
/* End PBXGroup section */

/* Begin PBXHeadersBuildPhase section */
		D1CC72FE1CC9F41300A325A6 /* Headers */ = {
			isa = PBXHeadersBuildPhase;
			buildActionMask = 2147483647;
			files = (
				D1CC74141CC9F6F000A325A6 /* processor.h in Headers */,
				D1CC74101CC9F6F000A325A6 /* posix.h in Headers */,
				D1CC73F61CC9F6F000A325A6 /* code93.h in Headers */,
				D1CC74421CC9F70F00A325A6 /* Exception.h in Headers */,
				D1CC74031CC9F6F000A325A6 /* decoder.h in Headers */,
				D1CC73FA1CC9F6F000A325A6 /* ean.h in Headers */,
				D1CC744C1CC9F70F00A325A6 /* zbargtk.h in Headers */,
				D1CC74061CC9F6F000A325A6 /* event.h in Headers */,
				D1CC745B1CCA110400A325A6 /* config.h in Headers */,
				D1CC74481CC9F70F00A325A6 /* Scanner.h in Headers */,
				D1CC73F21CC9F6F000A325A6 /* code128.h in Headers */,
				D1CC742F1CC9F6F000A325A6 /* window.h in Headers */,
				D1CC744A1CC9F70F00A325A6 /* Video.h in Headers */,
				D1CC744D1CC9F70F00A325A6 /* zbar.h in Headers */,
				D1CC741F1CC9F6F000A325A6 /* rs.h in Headers */,
				D1CC742B1CC9F6F000A325A6 /* timer.h in Headers */,
				D1CC74491CC9F70F00A325A6 /* Symbol.h in Headers */,
				D1CC73FC1CC9F6F000A325A6 /* i25.h in Headers */,
				D1CC74081CC9F6F000A325A6 /* image.h in Headers */,
				D1CC74441CC9F70F00A325A6 /* ImageScanner.h in Headers */,
				D1CC74291CC9F6F000A325A6 /* symbol.h in Headers */,
				D1CC74181CC9F6F000A325A6 /* binarize.h in Headers */,
				D1CC742A1CC9F6F000A325A6 /* thread.h in Headers */,
				D1CC73F41CC9F6F000A325A6 /* code39.h in Headers */,
				D1CC74161CC9F6F000A325A6 /* bch15_5.h in Headers */,
				D1CC73EE1CC9F6F000A325A6 /* debug.h in Headers */,
				D1CC740A1CC9F6F000A325A6 /* img_scanner.h in Headers */,
				D1CC74271CC9F6F000A325A6 /* svg.h in Headers */,
				D1CC741A1CC9F6F000A325A6 /* isaac.h in Headers */,
				D1CC742D1CC9F6F000A325A6 /* video.h in Headers */,
				D1CC73FF1CC9F6F000A325A6 /* pdf417_hash.h in Headers */,
				D1CC741C1CC9F6F000A325A6 /* qrdec.h in Headers */,
				D1CC74401CC9F70F00A325A6 /* config.h in Headers */,
				D1CC74241CC9F6F000A325A6 /* refcnt.h in Headers */,
				D1CC73FE1CC9F6F000A325A6 /* pdf417.h in Headers */,
				D1CC740C1CC9F6F000A325A6 /* mutex.h in Headers */,
				D1CC74211CC9F6F000A325A6 /* util.h in Headers */,
				D1CC74011CC9F6F000A325A6 /* qr_finder.h in Headers */,
				D1CC73F81CC9F6F000A325A6 /* databar.h in Headers */,
				D1CC74051CC9F6F000A325A6 /* error.h in Headers */,
				D1CC74461CC9F70F00A325A6 /* QZBar.h in Headers */,
				D1CC74221CC9F6F000A325A6 /* qrcode.h in Headers */,
				D1CC73F01CC9F6F000A325A6 /* codabar.h in Headers */,
				D1CC74471CC9F70F00A325A6 /* QZBarImage.h in Headers */,
			);
			runOnlyForDeploymentPostprocessing = 0;
		};
/* End PBXHeadersBuildPhase section */

/* Begin PBXNativeTarget section */
		D1CC72FF1CC9F41300A325A6 /* libzbar */ = {
			isa = PBXNativeTarget;
			buildConfigurationList = D1CC73041CC9F41300A325A6 /* Build configuration list for PBXNativeTarget "libzbar" */;
			buildPhases = (
				D1CC72FC1CC9F41300A325A6 /* Sources */,
				D1CC72FD1CC9F41300A325A6 /* Frameworks */,
				D1CC72FE1CC9F41300A325A6 /* Headers */,
			);
			buildRules = (
			);
			dependencies = (
			);
			name = libzbar;
			productName = libzbar;
			productReference = D1CC73001CC9F41300A325A6 /* liblibzbar.dylib */;
			productType = "com.apple.product-type.library.dynamic";
		};
/* End PBXNativeTarget section */

/* Begin PBXProject section */
		D1CC72F81CC9F41300A325A6 /* Project object */ = {
			isa = PBXProject;
			attributes = {
				LastUpgradeCheck = 0700;
				ORGANIZATIONNAME = miyako;
				TargetAttributes = {
					D1CC72FF1CC9F41300A325A6 = {
						CreatedOnToolsVersion = 7.0.1;
					};
				};
			};
			buildConfigurationList = D1CC72FB1CC9F41300A325A6 /* Build configuration list for PBXProject "zbar.32" */;
			compatibilityVersion = "Xcode 3.2";
			developmentRegion = English;
			hasScannedForEncodings = 0;
			knownRegions = (
				en,
			);
			mainGroup = D1CC72F71CC9F41300A325A6;
			productRefGroup = D1CC73011CC9F41300A325A6 /* Products */;
			projectDirPath = "";
			projectRoot = "";
			targets = (
				D1CC72FF1CC9F41300A325A6 /* libzbar */,
			);
		};
/* End PBXProject section */

/* Begin PBXSourcesBuildPhase section */
		D1CC72FC1CC9F41300A325A6 /* Sources */ = {
			isa = PBXSourcesBuildPhase;
			buildActionMask = 2147483647;
			files = (
				D1CC740F1CC9F6F000A325A6 /* posix.c in Sources */,
				D1CC740E1CC9F6F000A325A6 /* null.c in Sources */,
				D1CC73F11CC9F6F000A325A6 /* code128.c in Sources */,
				D1CC73EF1CC9F6F000A325A6 /* codabar.c in Sources */,
				D1CC74191CC9F6F000A325A6 /* isaac.c in Sources */,
				D1CC74261CC9F6F000A325A6 /* svg.c in Sources */,
				D1CC741E1CC9F6F000A325A6 /* rs.c in Sources */,
				D1CC74511CC9FCA100A325A6 /* window.c in Sources */,
				D1CC73F91CC9F6F000A325A6 /* ean.c in Sources */,
				D1CC740D1CC9F6F000A325A6 /* lock.c in Sources */,
				D1CC74041CC9F6F000A325A6 /* error.c in Sources */,
				D1CC74281CC9F6F000A325A6 /* symbol.c in Sources */,
				D1CC73FB1CC9F6F000A325A6 /* i25.c in Sources */,
				D1CC74131CC9F6F000A325A6 /* processor.c in Sources */,
				D1CC74251CC9F6F000A325A6 /* scanner.c in Sources */,
				D1CC74091CC9F6F000A325A6 /* img_scanner.c in Sources */,
				D1CC74021CC9F6F000A325A6 /* decoder.c in Sources */,
				D1CC74001CC9F6F000A325A6 /* qr_finder.c in Sources */,
				D1CC741B1CC9F6F000A325A6 /* qrdec.c in Sources */,
				D1CC73F71CC9F6F000A325A6 /* databar.c in Sources */,
				D1CC73F51CC9F6F000A325A6 /* code93.c in Sources */,
				D1CC74071CC9F6F000A325A6 /* image.c in Sources */,
				D1CC73F31CC9F6F000A325A6 /* code39.c in Sources */,
				D1CC74201CC9F6F000A325A6 /* util.c in Sources */,
				D1CC73EC1CC9F6F000A325A6 /* config.c in Sources */,
				D1CC74231CC9F6F000A325A6 /* refcnt.c in Sources */,
				D1CC741D1CC9F6F000A325A6 /* qrdectxt.c in Sources */,
				D1CC74151CC9F6F000A325A6 /* bch15_5.c in Sources */,
				D1CC73ED1CC9F6F000A325A6 /* convert.c in Sources */,
				D1CC73FD1CC9F6F000A325A6 /* pdf417.c in Sources */,
				D1CC74171CC9F6F000A325A6 /* binarize.c in Sources */,
			);
			runOnlyForDeploymentPostprocessing = 0;
		};
/* End PBXSourcesBuildPhase section */

/* Begin XCBuildConfiguration section */
		D1CC73021CC9F41300A325A6 /* Debug */ = {
			isa = XCBuildConfiguration;
			buildSettings = {
				ALWAYS_SEARCH_USER_PATHS = NO;
				ARCHS = "$(ARCHS_STANDARD_32_BIT)";
				CLANG_CXX_LANGUAGE_STANDARD = "gnu++0x";
				CLANG_CXX_LIBRARY = "libc++";
				CLANG_ENABLE_MODULES = YES;
				CLANG_ENABLE_OBJC_ARC = YES;
				CLANG_WARN_BOOL_CONVERSION = YES;
				CLANG_WARN_CONSTANT_CONVERSION = YES;
				CLANG_WARN_DIRECT_OBJC_ISA_USAGE = YES_ERROR;
				CLANG_WARN_EMPTY_BODY = YES;
				CLANG_WARN_ENUM_CONVERSION = YES;
				CLANG_WARN_INT_CONVERSION = YES;
				CLANG_WARN_OBJC_ROOT_CLASS = YES_ERROR;
				CLANG_WARN_UNREACHABLE_CODE = YES;
				CLANG_WARN__DUPLICATE_METHOD_MATCH = YES;
				COPY_PHASE_STRIP = NO;
				DEBUG_INFORMATION_FORMAT = dwarf;
				ENABLE_STRICT_OBJC_MSGSEND = YES;
				ENABLE_TESTABILITY = YES;
				GCC_C_LANGUAGE_STANDARD = gnu99;
				GCC_DYNAMIC_NO_PIC = NO;
				GCC_NO_COMMON_BLOCKS = YES;
				GCC_OPTIMIZATION_LEVEL = 0;
				GCC_PREPROCESSOR_DEFINITIONS = "";
				GCC_WARN_64_TO_32_BIT_CONVERSION = YES;
				GCC_WARN_ABOUT_RETURN_TYPE = YES_ERROR;
				GCC_WARN_UNDECLARED_SELECTOR = YES;
				GCC_WARN_UNINITIALIZED_AUTOS = YES_AGGRESSIVE;
				GCC_WARN_UNUSED_FUNCTION = YES;
				GCC_WARN_UNUSED_VARIABLE = YES;
				MACOSX_DEPLOYMENT_TARGET = 10.6;
				MTL_ENABLE_DEBUG_INFO = YES;
				ONLY_ACTIVE_ARCH = YES;
				SDKROOT = macosx10.6;
				SYMROOT = build.32;
			};
			name = Debug;
		};
		D1CC73031CC9F41300A325A6 /* Release */ = {
			isa = XCBuildConfiguration;
			buildSettings = {
				ALWAYS_SEARCH_USER_PATHS = NO;
				ARCHS = "$(ARCHS_STANDARD_32_BIT)";
				CLANG_CXX_LANGUAGE_STANDARD = "gnu++0x";
				CLANG_CXX_LIBRARY = "libc++";
				CLANG_ENABLE_MODULES = YES;
				CLANG_ENABLE_OBJC_ARC = YES;
				CLANG_WARN_BOOL_CONVERSION = YES;
				CLANG_WARN_CONSTANT_CONVERSION = YES;
				CLANG_WARN_DIRECT_OBJC_ISA_USAGE = YES_ERROR;
				CLANG_WARN_EMPTY_BODY = YES;
				CLANG_WARN_ENUM_CONVERSION = YES;
				CLANG_WARN_INT_CONVERSION = YES;
				CLANG_WARN_OBJC_ROOT_CLASS = YES_ERROR;
				CLANG_WARN_UNREACHABLE_CODE = YES;
				CLANG_WARN__DUPLICATE_METHOD_MATCH = YES;
				COPY_PHASE_STRIP = NO;
				DEBUG_INFORMATION_FORMAT = "dwarf-with-dsym";
				ENABLE_NS_ASSERTIONS = NO;
				ENABLE_STRICT_OBJC_MSGSEND = YES;
				GCC_C_LANGUAGE_STANDARD = gnu99;
				GCC_NO_COMMON_BLOCKS = YES;
				GCC_PREPROCESSOR_DEFINITIONS = "";
				GCC_WARN_64_TO_32_BIT_CONVERSION = YES;
				GCC_WARN_ABOUT_RETURN_TYPE = YES_ERROR;
				GCC_WARN_UNDECLARED_SELECTOR = YES;
				GCC_WARN_UNINITIALIZED_AUTOS = YES_AGGRESSIVE;
				GCC_WARN_UNUSED_FUNCTION = YES;
				GCC_WARN_UNUSED_VARIABLE = YES;
				MACOSX_DEPLOYMENT_TARGET = 10.6;
				MTL_ENABLE_DEBUG_INFO = NO;
				SDKROOT = macosx10.6;
				SYMROOT = build.32;
			};
			name = Release;
		};
		D1CC73051CC9F41300A325A6 /* Debug */ = {
			isa = XCBuildConfiguration;
			buildSettings = {
				ARCHS = "$(ARCHS_STANDARD_32_BIT)";
				DYLIB_COMPATIBILITY_VERSION = 1;
				DYLIB_CURRENT_VERSION = 1;
				EXECUTABLE_PREFIX = lib;
				MACOSX_DEPLOYMENT_TARGET = 10.6;
				PRODUCT_NAME = "$(TARGET_NAME)";
				SDKROOT = macosx10.6;
			};
			name = Debug;
		};
		D1CC73061CC9F41300A325A6 /* Release */ = {
			isa = XCBuildConfiguration;
			buildSettings = {
				ARCHS = "$(ARCHS_STANDARD_32_BIT)";
				DYLIB_COMPATIBILITY_VERSION = 1;
				DYLIB_CURRENT_VERSION = 1;
				EXECUTABLE_PREFIX = lib;
				MACOSX_DEPLOYMENT_TARGET = 10.6;
				PRODUCT_NAME = "$(TARGET_NAME)";
				SDKROOT = macosx10.6;
			};
			name = Release;
		};
/* End XCBuildConfiguration section */

/* Begin XCConfigurationList section */
		D1CC72FB1CC9F41300A325A6 /* Build configuration list for PBXProject "zbar.32" */ = {
			isa = XCConfigurationList;
			buildConfigurations = (
				D1CC73021CC9F41300A325A6 /* Debug */,
				D1CC73031CC9F41300A325A6 /* Release */,
			);
			defaultConfigurationIsVisible = 0;
			defaultConfigurationName = Release;
		};
		D1CC73041CC9F41300A325A6 /* Build configuration list for PBXNativeTarget "libzbar" */ = {
			isa = XCConfigurationList;
			buildConfigurations = (
				D1CC73051CC9F41300A325A6 /* Debug */,
				D1CC73061CC9F41300A325A6 /* Release */,
			);
			defaultConfigurationIsVisible = 0;
			defaultConfigurationName = Release;
		};
/* End XCConfigurationList section */
	};
	rootObject = D1CC72F81CC9F41300A325A6 /* Project object */;
}
